
Microsoft Visual Studio Solution File, Format Version 12.00
# Visual Studio Version 16
VisualStudioVersion = 16.0.28729.10
MinimumVisualStudioVersion = 10.0.40219.1
Project("{FAE04EC0-301F-11D3-BF4B-00C04F79EFBC}") = "Basic Fly", "Basic Fly\Basic Fly.csproj", "{4E9E4E95-92F1-42F2-8A11-3F10F402C2A0}"
EndProject
Global
	GlobalSection(SolutionConfigurationPlatforms) = preSolution
		Debug|Any CPU = Debug|Any CPU
		Release|Any CPU = Release|Any CPU
	EndGlobalSection
	GlobalSection(ProjectConfigurationPlatforms) = postSolution
		{4E9E4E95-92F1-42F2-8A11-3F10F402C2A0}.Debug|Any CPU.ActiveCfg = Debug|Any CPU
		{4E9E4E95-92F1-42F2-8A11-3F10F402C2A0}.Debug|Any CPU.Build.0 = Debug|Any CPU
		{4E9E4E95-92F1-42F2-8A11-3F10F402C2A0}.Release|Any CPU.ActiveCfg = Debug|Any CPU
		{4E9E4E95-92F1-42F2-8A11-3F10F402C2A0}.Release|Any CPU.Build.0 = Debug|Any CPU
	EndGlobalSection
	GlobalSection(SolutionProperties) = preSolution
		HideSolutionNode = FALSE
	EndGlobalSection
	GlobalSection(ExtensibilityGlobals) = postSolution
		SolutionGuid = {20C4D5AA-B22A-427F-B3CA-B8F8ECA2A7A6}
	EndGlobalSection
EndGlobal
